// !$*UTF8*$!
{
	archiveVersion = 1;
	classes = {
	};
	objectVersion = 50;
	objects = {

/* Begin PBXBuildFile section */
		F433BD1A22893FB900281381 /* UITableView.swift in Sources */ = {isa = PBXBuildFile; fileRef = F433BD1922893FB900281381 /* UITableView.swift */; };
		F43AD77E2286906E007CACA6 /* Strings.swift in Sources */ = {isa = PBXBuildFile; fileRef = F43AD77D2286906E007CACA6 /* Strings.swift */; };
		F45D18242282BA070035050A /* AppDelegate.swift in Sources */ = {isa = PBXBuildFile; fileRef = F45D18232282BA070035050A /* AppDelegate.swift */; };
		F45D18262282BA070035050A /* ViewController.swift in Sources */ = {isa = PBXBuildFile; fileRef = F45D18252282BA070035050A /* ViewController.swift */; };
		F45D18292282BA070035050A /* Main.storyboard in Resources */ = {isa = PBXBuildFile; fileRef = F45D18272282BA070035050A /* Main.storyboard */; };
		F45D182B2282BA080035050A /* Assets.xcassets in Resources */ = {isa = PBXBuildFile; fileRef = F45D182A2282BA080035050A /* Assets.xcassets */; };
		F45D182E2282BA080035050A /* LaunchScreen.storyboard in Resources */ = {isa = PBXBuildFile; fileRef = F45D182C2282BA080035050A /* LaunchScreen.storyboard */; };
		F45D18372282BBD90035050A /* InfoTVC.swift in Sources */ = {isa = PBXBuildFile; fileRef = F45D18352282BBD90035050A /* InfoTVC.swift */; };
		F45D18382282BBD90035050A /* InfoTVC.xib in Resources */ = {isa = PBXBuildFile; fileRef = F45D18362282BBD90035050A /* InfoTVC.xib */; };
		F45D183C2282BCC20035050A /* Presenter.swift in Sources */ = {isa = PBXBuildFile; fileRef = F45D183B2282BCC20035050A /* Presenter.swift */; };
		F45D18402282BD1A0035050A /* CitiesModel.swift in Sources */ = {isa = PBXBuildFile; fileRef = F45D183F2282BD1A0035050A /* CitiesModel.swift */; };
		F45D18432282BD4E0035050A /* CitiesTVC.swift in Sources */ = {isa = PBXBuildFile; fileRef = F45D18412282BD4E0035050A /* CitiesTVC.swift */; };
		F45D18442282BD4E0035050A /* CitiesTVC.xib in Resources */ = {isa = PBXBuildFile; fileRef = F45D18422282BD4E0035050A /* CitiesTVC.xib */; };
		F45D18462282BDF80035050A /* InfoModel.swift in Sources */ = {isa = PBXBuildFile; fileRef = F45D18452282BDF80035050A /* InfoModel.swift */; };
		F49EB1612282EA82004CDAAD /* CitiesTableAnimation.swift in Sources */ = {isa = PBXBuildFile; fileRef = F49EB1602282EA82004CDAAD /* CitiesTableAnimation.swift */; };
/* End PBXBuildFile section */

/* Begin PBXFileReference section */
		F433BD1922893FB900281381 /* UITableView.swift */ = {isa = PBXFileReference; lastKnownFileType = sourcecode.swift; path = UITableView.swift; sourceTree = "<group>"; };
		F43AD77D2286906E007CACA6 /* Strings.swift */ = {isa = PBXFileReference; lastKnownFileType = sourcecode.swift; path = Strings.swift; sourceTree = "<group>"; };
		F45D18202282BA070035050A /* Multiple UITableView.app */ = {isa = PBXFileReference; explicitFileType = wrapper.application; includeInIndex = 0; path = "Multiple UITableView.app"; sourceTree = BUILT_PRODUCTS_DIR; };
		F45D18232282BA070035050A /* AppDelegate.swift */ = {isa = PBXFileReference; lastKnownFileType = sourcecode.swift; path = AppDelegate.swift; sourceTree = "<group>"; };
		F45D18252282BA070035050A /* ViewController.swift */ = {isa = PBXFileReference; lastKnownFileType = sourcecode.swift; path = ViewController.swift; sourceTree = "<group>"; };
		F45D18282282BA070035050A /* Base */ = {isa = PBXFileReference; lastKnownFileType = file.storyboard; name = Base; path = Base.lproj/Main.storyboard; sourceTree = "<group>"; };
		F45D182A2282BA080035050A /* Assets.xcassets */ = {isa = PBXFileReference; lastKnownFileType = folder.assetcatalog; path = Assets.xcassets; sourceTree = "<group>"; };
		F45D182D2282BA080035050A /* Base */ = {isa = PBXFileReference; lastKnownFileType = file.storyboard; name = Base; path = Base.lproj/LaunchScreen.storyboard; sourceTree = "<group>"; };
		F45D182F2282BA080035050A /* Info.plist */ = {isa = PBXFileReference; lastKnownFileType = text.plist.xml; path = Info.plist; sourceTree = "<group>"; };
		F45D18352282BBD90035050A /* InfoTVC.swift */ = {isa = PBXFileReference; lastKnownFileType = sourcecode.swift; path = InfoTVC.swift; sourceTree = "<group>"; };
		F45D18362282BBD90035050A /* InfoTVC.xib */ = {isa = PBXFileReference; lastKnownFileType = file.xib; path = InfoTVC.xib; sourceTree = "<group>"; };
		F45D183B2282BCC20035050A /* Presenter.swift */ = {isa = PBXFileReference; lastKnownFileType = sourcecode.swift; path = Presenter.swift; sourceTree = "<group>"; };
		F45D183F2282BD1A0035050A /* CitiesModel.swift */ = {isa = PBXFileReference; lastKnownFileType = sourcecode.swift; path = CitiesModel.swift; sourceTree = "<group>"; };
		F45D18412282BD4E0035050A /* CitiesTVC.swift */ = {isa = PBXFileReference; lastKnownFileType = sourcecode.swift; path = CitiesTVC.swift; sourceTree = "<group>"; };
		F45D18422282BD4E0035050A /* CitiesTVC.xib */ = {isa = PBXFileReference; lastKnownFileType = file.xib; path = CitiesTVC.xib; sourceTree = "<group>"; };
		F45D18452282BDF80035050A /* InfoModel.swift */ = {isa = PBXFileReference; lastKnownFileType = sourcecode.swift; path = InfoModel.swift; sourceTree = "<group>"; };
		F49EB1602282EA82004CDAAD /* CitiesTableAnimation.swift */ = {isa = PBXFileReference; lastKnownFileType = sourcecode.swift; path = CitiesTableAnimation.swift; sourceTree = "<group>"; };
/* End PBXFileReference section */

/* Begin PBXFrameworksBuildPhase section */
		F45D181D2282BA070035050A /* Frameworks */ = {
			isa = PBXFrameworksBuildPhase;
			buildActionMask = 2147483647;
			files = (
			);
			runOnlyForDeploymentPostprocessing = 0;
		};
/* End PBXFrameworksBuildPhase section */

/* Begin PBXGroup section */
		F433BD1822893FA400281381 /* Extensions */ = {
			isa = PBXGroup;
			children = (
				F433BD1922893FB900281381 /* UITableView.swift */,
			);
			path = Extensions;
			sourceTree = "<group>";
		};
		F433BD1B22894D1900281381 /* Storyboards */ = {
			isa = PBXGroup;
			children = (
				F45D18272282BA070035050A /* Main.storyboard */,
				F45D182C2282BA080035050A /* LaunchScreen.storyboard */,
			);
			path = Storyboards;
			sourceTree = "<group>";
		};
		F43AD77B22869054007CACA6 /* Others */ = {
			isa = PBXGroup;
			children = (
				F433BD1822893FA400281381 /* Extensions */,
				F43AD77F2286A81B007CACA6 /* Application Delegate */,
				F43AD77C22869061007CACA6 /* Utility */,
				F49EB15F2282D27B004CDAAD /* Resources */,
			);
			path = Others;
			sourceTree = "<group>";
		};
		F43AD77C22869061007CACA6 /* Utility */ = {
			isa = PBXGroup;
			children = (
				F43AD77D2286906E007CACA6 /* Strings.swift */,
			);
			path = Utility;
			sourceTree = "<group>";
		};
		F43AD77F2286A81B007CACA6 /* Application Delegate */ = {
			isa = PBXGroup;
			children = (
				F45D18232282BA070035050A /* AppDelegate.swift */,
			);
			path = "Application Delegate";
			sourceTree = "<group>";
		};
		F45D18172282BA070035050A = {
			isa = PBXGroup;
			children = (
				F45D18222282BA070035050A /* Multiple UITableView */,
				F45D18212282BA070035050A /* Products */,
			);
			sourceTree = "<group>";
		};
		F45D18212282BA070035050A /* Products */ = {
			isa = PBXGroup;
			children = (
				F45D18202282BA070035050A /* Multiple UITableView.app */,
			);
			name = Products;
			sourceTree = "<group>";
		};
		F45D18222282BA070035050A /* Multiple UITableView */ = {
			isa = PBXGroup;
			children = (
				F43AD77B22869054007CACA6 /* Others */,
				F45D183D2282BCEC0035050A /* Inner Model */,
				F45D183E2282BCF80035050A /* View */,
				F45D183A2282BCA50035050A /* Presenter */,
				F45D182F2282BA080035050A /* Info.plist */,
			);
			path = "Multiple UITableView";
			sourceTree = "<group>";
		};
		F45D18392282BBE30035050A /* Cells */ = {
			isa = PBXGroup;
			children = (
				F45D18352282BBD90035050A /* InfoTVC.swift */,
				F45D18362282BBD90035050A /* InfoTVC.xib */,
				F45D18412282BD4E0035050A /* CitiesTVC.swift */,
				F45D18422282BD4E0035050A /* CitiesTVC.xib */,
			);
			path = Cells;
			sourceTree = "<group>";
		};
		F45D183A2282BCA50035050A /* Presenter */ = {
			isa = PBXGroup;
			children = (
				F45D183B2282BCC20035050A /* Presenter.swift */,
			);
			path = Presenter;
			sourceTree = "<group>";
		};
		F45D183D2282BCEC0035050A /* Inner Model */ = {
			isa = PBXGroup;
			children = (
				F45D183F2282BD1A0035050A /* CitiesModel.swift */,
				F45D18452282BDF80035050A /* InfoModel.swift */,
			);
			path = "Inner Model";
			sourceTree = "<group>";
		};
		F45D183E2282BCF80035050A /* View */ = {
			isa = PBXGroup;
			children = (
				F433BD1B22894D1900281381 /* Storyboards */,
				F45D18392282BBE30035050A /* Cells */,
				F45D18252282BA070035050A /* ViewController.swift */,
				F49EB1602282EA82004CDAAD /* CitiesTableAnimation.swift */,
			);
			path = View;
			sourceTree = "<group>";
		};
		F49EB15F2282D27B004CDAAD /* Resources */ = {
			isa = PBXGroup;
			children = (
				F45D182A2282BA080035050A /* Assets.xcassets */,
			);
			path = Resources;
			sourceTree = "<group>";
		};
/* End PBXGroup section */

/* Begin PBXNativeTarget section */
		F45D181F2282BA070035050A /* Multiple UITableView */ = {
			isa = PBXNativeTarget;
			buildConfigurationList = F45D18322282BA080035050A /* Build configuration list for PBXNativeTarget "Multiple UITableView" */;
			buildPhases = (
				F45D181C2282BA070035050A /* Sources */,
				F45D181D2282BA070035050A /* Frameworks */,
				F45D181E2282BA070035050A /* Resources */,
			);
			buildRules = (
			);
			dependencies = (
			);
			name = "Multiple UITableView";
			productName = "Multiple UITableView";
			productReference = F45D18202282BA070035050A /* Multiple UITableView.app */;
			productType = "com.apple.product-type.application";
		};
/* End PBXNativeTarget section */

/* Begin PBXProject section */
		F45D18182282BA070035050A /* Project object */ = {
			isa = PBXProject;
			attributes = {
				LastSwiftUpdateCheck = 1010;
				LastUpgradeCheck = 1010;
				ORGANIZATIONNAME = shndrs;
				TargetAttributes = {
					F45D181F2282BA070035050A = {
						CreatedOnToolsVersion = 10.1;
					};
				};
			};
			buildConfigurationList = F45D181B2282BA070035050A /* Build configuration list for PBXProject "Multiple UITableView" */;
			compatibilityVersion = "Xcode 9.3";
			developmentRegion = en;
			hasScannedForEncodings = 0;
			knownRegions = (
				en,
				Base,
			);
			mainGroup = F45D18172282BA070035050A;
			productRefGroup = F45D18212282BA070035050A /* Products */;
			projectDirPath = "";
			projectRoot = "";
			targets = (
				F45D181F2282BA070035050A /* Multiple UITableView */,
			);
		};
/* End PBXProject section */

/* Begin PBXResourcesBuildPhase section */
		F45D181E2282BA070035050A /* Resources */ = {
			isa = PBXResourcesBuildPhase;
			buildActionMask = 2147483647;
			files = (
				F45D182E2282BA080035050A /* LaunchScreen.storyboard in Resources */,
				F45D18382282BBD90035050A /* InfoTVC.xib in Resources */,
				F45D182B2282BA080035050A /* Assets.xcassets in Resources */,
				F45D18442282BD4E0035050A /* CitiesTVC.xib in Resources */,
				F45D18292282BA070035050A /* Main.storyboard in Resources */,
			);
			runOnlyForDeploymentPostprocessing = 0;
		};
/* End PBXResourcesBuildPhase section */

/* Begin PBXSourcesBuildPhase section */
		F45D181C2282BA070035050A /* Sources */ = {
			isa = PBXSourcesBuildPhase;
			buildActionMask = 2147483647;
			files = (
				F45D18432282BD4E0035050A /* CitiesTVC.swift in Sources */,
				F43AD77E2286906E007CACA6 /* Strings.swift in Sources */,
				F45D18262282BA070035050A /* ViewController.swift in Sources */,
				F45D18242282BA070035050A /* AppDelegate.swift in Sources */,
				F433BD1A22893FB900281381 /* UITableView.swift in Sources */,
				F45D183C2282BCC20035050A /* Presenter.swift in Sources */,
				F45D18462282BDF80035050A /* InfoModel.swift in Sources */,
				F45D18372282BBD90035050A /* InfoTVC.swift in Sources */,
				F49EB1612282EA82004CDAAD /* CitiesTableAnimation.swift in Sources */,
				F45D18402282BD1A0035050A /* CitiesModel.swift in Sources */,
			);
			runOnlyForDeploymentPostprocessing = 0;
		};
/* End PBXSourcesBuildPhase section */

/* Begin PBXVariantGroup section */
		F45D18272282BA070035050A /* Main.storyboard */ = {
			isa = PBXVariantGroup;
			children = (
				F45D18282282BA070035050A /* Base */,
			);
			name = Main.storyboard;
			sourceTree = "<group>";
		};
		F45D182C2282BA080035050A /* LaunchScreen.storyboard */ = {
			isa = PBXVariantGroup;
			children = (
				F45D182D2282BA080035050A /* Base */,
			);
			name = LaunchScreen.storyboard;
			sourceTree = "<group>";
		};
/* End PBXVariantGroup section */

/* Begin XCBuildConfiguration section */
		F45D18302282BA080035050A /* Debug */ = {
			isa = XCBuildConfiguration;
			buildSettings = {
				ALWAYS_SEARCH_USER_PATHS = NO;
				CLANG_ANALYZER_NONNULL = YES;
				CLANG_ANALYZER_NUMBER_OBJECT_CONVERSION = YES_AGGRESSIVE;
				CLANG_CXX_LANGUAGE_STANDARD = "gnu++14";
				CLANG_CXX_LIBRARY = "libc++";
				CLANG_ENABLE_MODULES = YES;
				CLANG_ENABLE_OBJC_ARC = YES;
				CLANG_ENABLE_OBJC_WEAK = YES;
				CLANG_WARN_BLOCK_CAPTURE_AUTORELEASING = YES;
				CLANG_WARN_BOOL_CONVERSION = YES;
				CLANG_WARN_COMMA = YES;
				CLANG_WARN_CONSTANT_CONVERSION = YES;
				CLANG_WARN_DEPRECATED_OBJC_IMPLEMENTATIONS = YES;
				CLANG_WARN_DIRECT_OBJC_ISA_USAGE = YES_ERROR;
				CLANG_WARN_DOCUMENTATION_COMMENTS = YES;
				CLANG_WARN_EMPTY_BODY = YES;
				CLANG_WARN_ENUM_CONVERSION = YES;
				CLANG_WARN_INFINITE_RECURSION = YES;
				CLANG_WARN_INT_CONVERSION = YES;
				CLANG_WARN_NON_LITERAL_NULL_CONVERSION = YES;
				CLANG_WARN_OBJC_IMPLICIT_RETAIN_SELF = YES;
				CLANG_WARN_OBJC_LITERAL_CONVERSION = YES;
				CLANG_WARN_OBJC_ROOT_CLASS = YES_ERROR;
				CLANG_WARN_RANGE_LOOP_ANALYSIS = YES;
				CLANG_WARN_STRICT_PROTOTYPES = YES;
				CLANG_WARN_SUSPICIOUS_MOVE = YES;
				CLANG_WARN_UNGUARDED_AVAILABILITY = YES_AGGRESSIVE;
				CLANG_WARN_UNREACHABLE_CODE = YES;
				CLANG_WARN__DUPLICATE_METHOD_MATCH = YES;
				CODE_SIGN_IDENTITY = "iPhone Developer";
				COPY_PHASE_STRIP = NO;
				DEBUG_INFORMATION_FORMAT = dwarf;
				ENABLE_STRICT_OBJC_MSGSEND = YES;
				ENABLE_TESTABILITY = YES;
				GCC_C_LANGUAGE_STANDARD = gnu11;
				GCC_DYNAMIC_NO_PIC = NO;
				GCC_NO_COMMON_BLOCKS = YES;
				GCC_OPTIMIZATION_LEVEL = 0;
				GCC_PREPROCESSOR_DEFINITIONS = (
					"DEBUG=1",
					"$(inherited)",
				);
				GCC_WARN_64_TO_32_BIT_CONVERSION = YES;
				GCC_WARN_ABOUT_RETURN_TYPE = YES_ERROR;
				GCC_WARN_UNDECLARED_SELECTOR = YES;
				GCC_WARN_UNINITIALIZED_AUTOS = YES_AGGRESSIVE;
				GCC_WARN_UNUSED_FUNCTION = YES;
				GCC_WARN_UNUSED_VARIABLE = YES;
				IPHONEOS_DEPLOYMENT_TARGET = 12.1;
				MTL_ENABLE_DEBUG_INFO = INCLUDE_SOURCE;
				MTL_FAST_MATH = YES;
				ONLY_ACTIVE_ARCH = YES;
				SDKROOT = iphoneos;
				SWIFT_ACTIVE_COMPILATION_CONDITIONS = DEBUG;
				SWIFT_OPTIMIZATION_LEVEL = "-Onone";
			};
			name = Debug;
		};
		F45D18312282BA080035050A /* Release */ = {
			isa = XCBuildConfiguration;
			buildSettings = {
				ALWAYS_SEARCH_USER_PATHS = NO;
				CLANG_ANALYZER_NONNULL = YES;
				CLANG_ANALYZER_NUMBER_OBJECT_CONVERSION = YES_AGGRESSIVE;
				CLANG_CXX_LANGUAGE_STANDARD = "gnu++14";
				CLANG_CXX_LIBRARY = "libc++";
				CLANG_ENABLE_MODULES = YES;
				CLANG_ENABLE_OBJC_ARC = YES;
				CLANG_ENABLE_OBJC_WEAK = YES;
				CLANG_WARN_BLOCK_CAPTURE_AUTORELEASING = YES;
				CLANG_WARN_BOOL_CONVERSION = YES;
				CLANG_WARN_COMMA = YES;
				CLANG_WARN_CONSTANT_CONVERSION = YES;
				CLANG_WARN_DEPRECATED_OBJC_IMPLEMENTATIONS = YES;
				CLANG_WARN_DIRECT_OBJC_ISA_USAGE = YES_ERROR;
				CLANG_WARN_DOCUMENTATION_COMMENTS = YES;
				CLANG_WARN_EMPTY_BODY = YES;
				CLANG_WARN_ENUM_CONVERSION = YES;
				CLANG_WARN_INFINITE_RECURSION = YES;
				CLANG_WARN_INT_CONVERSION = YES;
				CLANG_WARN_NON_LITERAL_NULL_CONVERSION = YES;
				CLANG_WARN_OBJC_IMPLICIT_RETAIN_SELF = YES;
				CLANG_WARN_OBJC_LITERAL_CONVERSION = YES;
				CLANG_WARN_OBJC_ROOT_CLASS = YES_ERROR;
				CLANG_WARN_RANGE_LOOP_ANALYSIS = YES;
				CLANG_WARN_STRICT_PROTOTYPES = YES;
				CLANG_WARN_SUSPICIOUS_MOVE = YES;
				CLANG_WARN_UNGUARDED_AVAILABILITY = YES_AGGRESSIVE;
				CLANG_WARN_UNREACHABLE_CODE = YES;
				CLANG_WARN__DUPLICATE_METHOD_MATCH = YES;
				CODE_SIGN_IDENTITY = "iPhone Developer";
				COPY_PHASE_STRIP = NO;
				DEBUG_INFORMATION_FORMAT = "dwarf-with-dsym";
				ENABLE_NS_ASSERTIONS = NO;
				ENABLE_STRICT_OBJC_MSGSEND = YES;
				GCC_C_LANGUAGE_STANDARD = gnu11;
				GCC_NO_COMMON_BLOCKS = YES;
				GCC_WARN_64_TO_32_BIT_CONVERSION = YES;
				GCC_WARN_ABOUT_RETURN_TYPE = YES_ERROR;
				GCC_WARN_UNDECLARED_SELECTOR = YES;
				GCC_WARN_UNINITIALIZED_AUTOS = YES_AGGRESSIVE;
				GCC_WARN_UNUSED_FUNCTION = YES;
				GCC_WARN_UNUSED_VARIABLE = YES;
				IPHONEOS_DEPLOYMENT_TARGET = 12.1;
				MTL_ENABLE_DEBUG_INFO = NO;
				MTL_FAST_MATH = YES;
				SDKROOT = iphoneos;
				SWIFT_COMPILATION_MODE = wholemodule;
				SWIFT_OPTIMIZATION_LEVEL = "-O";
				VALIDATE_PRODUCT = YES;
			};
			name = Release;
		};
		F45D18332282BA080035050A /* Debug */ = {
			isa = XCBuildConfiguration;
			buildSettings = {
				ASSETCATALOG_COMPILER_APPICON_NAME = AppIcon;
				CODE_SIGN_STYLE = Automatic;
				DEVELOPMENT_TEAM = KRGCDU34JU;
				INFOPLIST_FILE = "Multiple UITableView/Info.plist";
				LD_RUNPATH_SEARCH_PATHS = (
					"$(inherited)",
					"@executable_path/Frameworks",
				);
				PRODUCT_BUNDLE_IDENTIFIER = "shndrs.Multiple-UITableView";
				PRODUCT_NAME = "$(TARGET_NAME)";
				SWIFT_VERSION = 4.2;
				TARGETED_DEVICE_FAMILY = "1,2";
			};
			name = Debug;
		};
		F45D18342282BA080035050A /* Release */ = {
			isa = XCBuildConfiguration;
			buildSettings = {
				ASSETCATALOG_COMPILER_APPICON_NAME = AppIcon;
				CODE_SIGN_STYLE = Automatic;
				DEVELOPMENT_TEAM = KRGCDU34JU;
				INFOPLIST_FILE = "Multiple UITableView/Info.plist";
				LD_RUNPATH_SEARCH_PATHS = (
					"$(inherited)",
					"@executable_path/Frameworks",
				);
				PRODUCT_BUNDLE_IDENTIFIER = "shndrs.Multiple-UITableView";
				PRODUCT_NAME = "$(TARGET_NAME)";
				SWIFT_VERSION = 4.2;
				TARGETED_DEVICE_FAMILY = "1,2";
			};
			name = Release;
		};
/* End XCBuildConfiguration section */

/* Begin XCConfigurationList section */
		F45D181B2282BA070035050A /* Build configuration list for PBXProject "Multiple UITableView" */ = {
			isa = XCConfigurationList;
			buildConfigurations = (
				F45D18302282BA080035050A /* Debug */,
				F45D18312282BA080035050A /* Release */,
			);
			defaultConfigurationIsVisible = 0;
			defaultConfigurationName = Release;
		};
		F45D18322282BA080035050A /* Build configuration list for PBXNativeTarget "Multiple UITableView" */ = {
			isa = XCConfigurationList;
			buildConfigurations = (
				F45D18332282BA080035050A /* Debug */,
				F45D18342282BA080035050A /* Release */,
			);
			defaultConfigurationIsVisible = 0;
			defaultConfigurationName = Release;
		};
/* End XCConfigurationList section */
	};
	rootObject = F45D18182282BA070035050A /* Project object */;
}
